
Microsoft Visual Studio Solution File, Format Version 12.00
# Visual Studio Version 16
VisualStudioVersion = 16.0.29728.190
MinimumVisualStudioVersion = 10.0.40219.1
Project("{FAE04EC0-301F-11D3-BF4B-00C04F79EFBC}") = "Challenge-DanielaMelo", "Challenge-DanielaMelo.csproj", "{BA5EC005-CB90-423B-8499-8FCAA7A9B73E}"
EndProject
Global
	GlobalSection(SolutionConfigurationPlatforms) = preSolution
		Debug|Any CPU = Debug|Any CPU
		Release|Any CPU = Release|Any CPU
	EndGlobalSection
	GlobalSection(ProjectConfigurationPlatforms) = postSolution
		{BA5EC005-CB90-423B-8499-8FCAA7A9B73E}.Debug|Any CPU.ActiveCfg = Debug|Any CPU
		{BA5EC005-CB90-423B-8499-8FCAA7A9B73E}.Debug|Any CPU.Build.0 = Debug|Any CPU
		{BA5EC005-CB90-423B-8499-8FCAA7A9B73E}.Release|Any CPU.ActiveCfg = Release|Any CPU
		{BA5EC005-CB90-423B-8499-8FCAA7A9B73E}.Release|Any CPU.Build.0 = Release|Any CPU
	EndGlobalSection
	GlobalSection(SolutionProperties) = preSolution
		HideSolutionNode = FALSE
	EndGlobalSection
	GlobalSection(ExtensibilityGlobals) = postSolution
		SolutionGuid = {216453C3-525A-4424-8C4B-A1F672DC34E5}
	EndGlobalSection
EndGlobal
